// !$*UTF8*$!
{
	archiveVersion = 1;
	classes = {
	};
	objectVersion = 55;
	objects = {

/* Begin PBXBuildFile section */
		87F330D427462EAF00B12B93 /* exprojectApp.swift in Sources */ = {isa = PBXBuildFile; fileRef = 87F330D327462EAF00B12B93 /* exprojectApp.swift */; };
		87F330D627462EAF00B12B93 /* ContentView.swift in Sources */ = {isa = PBXBuildFile; fileRef = 87F330D527462EAF00B12B93 /* ContentView.swift */; };
		87F330D827462EB000B12B93 /* Assets.xcassets in Resources */ = {isa = PBXBuildFile; fileRef = 87F330D727462EB000B12B93 /* Assets.xcassets */; };
		87F330DB27462EB000B12B93 /* Preview Assets.xcassets in Resources */ = {isa = PBXBuildFile; fileRef = 87F330DA27462EB000B12B93 /* Preview Assets.xcassets */; };
		87F330E527462EB000B12B93 /* exprojectTests.swift in Sources */ = {isa = PBXBuildFile; fileRef = 87F330E427462EB000B12B93 /* exprojectTests.swift */; };
		87F330EF27462EB000B12B93 /* exprojectUITests.swift in Sources */ = {isa = PBXBuildFile; fileRef = 87F330EE27462EB000B12B93 /* exprojectUITests.swift */; };
		87F330F127462EB000B12B93 /* exprojectUITestsLaunchTests.swift in Sources */ = {isa = PBXBuildFile; fileRef = 87F330F027462EB000B12B93 /* exprojectUITestsLaunchTests.swift */; };
/* End PBXBuildFile section */

/* Begin PBXContainerItemProxy section */
		87F330E127462EB000B12B93 /* PBXContainerItemProxy */ = {
			isa = PBXContainerItemProxy;
			containerPortal = 87F330C827462EAF00B12B93 /* Project object */;
			proxyType = 1;
			remoteGlobalIDString = 87F330CF27462EAF00B12B93;
			remoteInfo = exproject;
		};
		87F330EB27462EB000B12B93 /* PBXContainerItemProxy */ = {
			isa = PBXContainerItemProxy;
			containerPortal = 87F330C827462EAF00B12B93 /* Project object */;
			proxyType = 1;
			remoteGlobalIDString = 87F330CF27462EAF00B12B93;
			remoteInfo = exproject;
		};
/* End PBXContainerItemProxy section */

/* Begin PBXFileReference section */
		87F330D027462EAF00B12B93 /* exproject.app */ = {isa = PBXFileReference; explicitFileType = wrapper.application; includeInIndex = 0; path = exproject.app; sourceTree = BUILT_PRODUCTS_DIR; };
		87F330D327462EAF00B12B93 /* exprojectApp.swift */ = {isa = PBXFileReference; lastKnownFileType = sourcecode.swift; path = exprojectApp.swift; sourceTree = "<group>"; };
		87F330D527462EAF00B12B93 /* ContentView.swift */ = {isa = PBXFileReference; lastKnownFileType = sourcecode.swift; path = ContentView.swift; sourceTree = "<group>"; };
		87F330D727462EB000B12B93 /* Assets.xcassets */ = {isa = PBXFileReference; lastKnownFileType = folder.assetcatalog; path = Assets.xcassets; sourceTree = "<group>"; };
		87F330DA27462EB000B12B93 /* Preview Assets.xcassets */ = {isa = PBXFileReference; lastKnownFileType = folder.assetcatalog; path = "Preview Assets.xcassets"; sourceTree = "<group>"; };
		87F330E027462EB000B12B93 /* exprojectTests.xctest */ = {isa = PBXFileReference; explicitFileType = wrapper.cfbundle; includeInIndex = 0; path = exprojectTests.xctest; sourceTree = BUILT_PRODUCTS_DIR; };
		87F330E427462EB000B12B93 /* exprojectTests.swift */ = {isa = PBXFileReference; lastKnownFileType = sourcecode.swift; path = exprojectTests.swift; sourceTree = "<group>"; };
		87F330EA27462EB000B12B93 /* exprojectUITests.xctest */ = {isa = PBXFileReference; explicitFileType = wrapper.cfbundle; includeInIndex = 0; path = exprojectUITests.xctest; sourceTree = BUILT_PRODUCTS_DIR; };
		87F330EE27462EB000B12B93 /* exprojectUITests.swift */ = {isa = PBXFileReference; lastKnownFileType = sourcecode.swift; path = exprojectUITests.swift; sourceTree = "<group>"; };
		87F330F027462EB000B12B93 /* exprojectUITestsLaunchTests.swift */ = {isa = PBXFileReference; lastKnownFileType = sourcecode.swift; path = exprojectUITestsLaunchTests.swift; sourceTree = "<group>"; };
/* End PBXFileReference section */

/* Begin PBXFrameworksBuildPhase section */
		87F330CD27462EAF00B12B93 /* Frameworks */ = {
			isa = PBXFrameworksBuildPhase;
			buildActionMask = 2147483647;
			files = (
			);
			runOnlyForDeploymentPostprocessing = 0;
		};
		87F330DD27462EB000B12B93 /* Frameworks */ = {
			isa = PBXFrameworksBuildPhase;
			buildActionMask = 2147483647;
			files = (
			);
			runOnlyForDeploymentPostprocessing = 0;
		};
		87F330E727462EB000B12B93 /* Frameworks */ = {
			isa = PBXFrameworksBuildPhase;
			buildActionMask = 2147483647;
			files = (
			);
			runOnlyForDeploymentPostprocessing = 0;
		};
/* End PBXFrameworksBuildPhase section */

/* Begin PBXGroup section */
		87F330C727462EAF00B12B93 = {
			isa = PBXGroup;
			children = (
				87F330D227462EAF00B12B93 /* exproject */,
				87F330E327462EB000B12B93 /* exprojectTests */,
				87F330ED27462EB000B12B93 /* exprojectUITests */,
				87F330D127462EAF00B12B93 /* Products */,
			);
			sourceTree = "<group>";
		};
		87F330D127462EAF00B12B93 /* Products */ = {
			isa = PBXGroup;
			children = (
				87F330D027462EAF00B12B93 /* exproject.app */,
				87F330E027462EB000B12B93 /* exprojectTests.xctest */,
				87F330EA27462EB000B12B93 /* exprojectUITests.xctest */,
			);
			name = Products;
			sourceTree = "<group>";
		};
		87F330D227462EAF00B12B93 /* exproject */ = {
			isa = PBXGroup;
			children = (
				87F330D327462EAF00B12B93 /* exprojectApp.swift */,
				87F330D527462EAF00B12B93 /* ContentView.swift */,
				87F330D727462EB000B12B93 /* Assets.xcassets */,
				87F330D927462EB000B12B93 /* Preview Content */,
			);
			path = exproject;
			sourceTree = "<group>";
		};
		87F330D927462EB000B12B93 /* Preview Content */ = {
			isa = PBXGroup;
			children = (
				87F330DA27462EB000B12B93 /* Preview Assets.xcassets */,
			);
			path = "Preview Content";
			sourceTree = "<group>";
		};
		87F330E327462EB000B12B93 /* exprojectTests */ = {
			isa = PBXGroup;
			children = (
				87F330E427462EB000B12B93 /* exprojectTests.swift */,
			);
			path = exprojectTests;
			sourceTree = "<group>";
		};
		87F330ED27462EB000B12B93 /* exprojectUITests */ = {
			isa = PBXGroup;
			children = (
				87F330EE27462EB000B12B93 /* exprojectUITests.swift */,
				87F330F027462EB000B12B93 /* exprojectUITestsLaunchTests.swift */,
			);
			path = exprojectUITests;
			sourceTree = "<group>";
		};
/* End PBXGroup section */

/* Begin PBXNativeTarget section */
		87F330CF27462EAF00B12B93 /* exproject */ = {
			isa = PBXNativeTarget;
			buildConfigurationList = 87F330F427462EB000B12B93 /* Build configuration list for PBXNativeTarget "exproject" */;
			buildPhases = (
				87F330CC27462EAF00B12B93 /* Sources */,
				87F330CD27462EAF00B12B93 /* Frameworks */,
				87F330CE27462EAF00B12B93 /* Resources */,
			);
			buildRules = (
			);
			dependencies = (
			);
			name = exproject;
			productName = exproject;
			productReference = 87F330D027462EAF00B12B93 /* exproject.app */;
			productType = "com.apple.product-type.application";
		};
		87F330DF27462EB000B12B93 /* exprojectTests */ = {
			isa = PBXNativeTarget;
			buildConfigurationList = 87F330F727462EB000B12B93 /* Build configuration list for PBXNativeTarget "exprojectTests" */;
			buildPhases = (
				87F330DC27462EB000B12B93 /* Sources */,
				87F330DD27462EB000B12B93 /* Frameworks */,
				87F330DE27462EB000B12B93 /* Resources */,
			);
			buildRules = (
			);
			dependencies = (
				87F330E227462EB000B12B93 /* PBXTargetDependency */,
			);
			name = exprojectTests;
			productName = exprojectTests;
			productReference = 87F330E027462EB000B12B93 /* exprojectTests.xctest */;
			productType = "com.apple.product-type.bundle.unit-test";
		};
		87F330E927462EB000B12B93 /* exprojectUITests */ = {
			isa = PBXNativeTarget;
			buildConfigurationList = 87F330FA27462EB000B12B93 /* Build configuration list for PBXNativeTarget "exprojectUITests" */;
			buildPhases = (
				87F330E627462EB000B12B93 /* Sources */,
				87F330E727462EB000B12B93 /* Frameworks */,
				87F330E827462EB000B12B93 /* Resources */,
			);
			buildRules = (
			);
			dependencies = (
				87F330EC27462EB000B12B93 /* PBXTargetDependency */,
			);
			name = exprojectUITests;
			productName = exprojectUITests;
			productReference = 87F330EA27462EB000B12B93 /* exprojectUITests.xctest */;
			productType = "com.apple.product-type.bundle.ui-testing";
		};
/* End PBXNativeTarget section */

/* Begin PBXProject section */
		87F330C827462EAF00B12B93 /* Project object */ = {
			isa = PBXProject;
			attributes = {
				BuildIndependentTargetsInParallel = 1;
				LastSwiftUpdateCheck = 1310;
				LastUpgradeCheck = 1310;
				TargetAttributes = {
					87F330CF27462EAF00B12B93 = {
						CreatedOnToolsVersion = 13.1;
					};
					87F330DF27462EB000B12B93 = {
						CreatedOnToolsVersion = 13.1;
						TestTargetID = 87F330CF27462EAF00B12B93;
					};
					87F330E927462EB000B12B93 = {
						CreatedOnToolsVersion = 13.1;
						TestTargetID = 87F330CF27462EAF00B12B93;
					};
				};
			};
			buildConfigurationList = 87F330CB27462EAF00B12B93 /* Build configuration list for PBXProject "exproject" */;
			compatibilityVersion = "Xcode 13.0";
			developmentRegion = en;
			hasScannedForEncodings = 0;
			knownRegions = (
				en,
				Base,
			);
			mainGroup = 87F330C727462EAF00B12B93;
			productRefGroup = 87F330D127462EAF00B12B93 /* Products */;
			projectDirPath = "";
			projectRoot = "";
			targets = (
				87F330CF27462EAF00B12B93 /* exproject */,
				87F330DF27462EB000B12B93 /* exprojectTests */,
				87F330E927462EB000B12B93 /* exprojectUITests */,
			);
		};
/* End PBXProject section */

/* Begin PBXResourcesBuildPhase section */
		87F330CE27462EAF00B12B93 /* Resources */ = {
			isa = PBXResourcesBuildPhase;
			buildActionMask = 2147483647;
			files = (
				87F330DB27462EB000B12B93 /* Preview Assets.xcassets in Resources */,
				87F330D827462EB000B12B93 /* Assets.xcassets in Resources */,
			);
			runOnlyForDeploymentPostprocessing = 0;
		};
		87F330DE27462EB000B12B93 /* Resources */ = {
			isa = PBXResourcesBuildPhase;
			buildActionMask = 2147483647;
			files = (
			);
			runOnlyForDeploymentPostprocessing = 0;
		};
		87F330E827462EB000B12B93 /* Resources */ = {
			isa = PBXResourcesBuildPhase;
			buildActionMask = 2147483647;
			files = (
			);
			runOnlyForDeploymentPostprocessing = 0;
		};
/* End PBXResourcesBuildPhase section */

/* Begin PBXSourcesBuildPhase section */
		87F330CC27462EAF00B12B93 /* Sources */ = {
			isa = PBXSourcesBuildPhase;
			buildActionMask = 2147483647;
			files = (
				87F330D627462EAF00B12B93 /* ContentView.swift in Sources */,
				87F330D427462EAF00B12B93 /* exprojectApp.swift in Sources */,
			);
			runOnlyForDeploymentPostprocessing = 0;
		};
		87F330DC27462EB000B12B93 /* Sources */ = {
			isa = PBXSourcesBuildPhase;
			buildActionMask = 2147483647;
			files = (
				87F330E527462EB000B12B93 /* exprojectTests.swift in Sources */,
			);
			runOnlyForDeploymentPostprocessing = 0;
		};
		87F330E627462EB000B12B93 /* Sources */ = {
			isa = PBXSourcesBuildPhase;
			buildActionMask = 2147483647;
			files = (
				87F330EF27462EB000B12B93 /* exprojectUITests.swift in Sources */,
				87F330F127462EB000B12B93 /* exprojectUITestsLaunchTests.swift in Sources */,
			);
			runOnlyForDeploymentPostprocessing = 0;
		};
/* End PBXSourcesBuildPhase section */

/* Begin PBXTargetDependency section */
		87F330E227462EB000B12B93 /* PBXTargetDependency */ = {
			isa = PBXTargetDependency;
			target = 87F330CF27462EAF00B12B93 /* exproject */;
			targetProxy = 87F330E127462EB000B12B93 /* PBXContainerItemProxy */;
		};
		87F330EC27462EB000B12B93 /* PBXTargetDependency */ = {
			isa = PBXTargetDependency;
			target = 87F330CF27462EAF00B12B93 /* exproject */;
			targetProxy = 87F330EB27462EB000B12B93 /* PBXContainerItemProxy */;
		};
/* End PBXTargetDependency section */

/* Begin XCBuildConfiguration section */
		87F330F227462EB000B12B93 /* Debug */ = {
			isa = XCBuildConfiguration;
			buildSettings = {
				ALWAYS_SEARCH_USER_PATHS = NO;
				CLANG_ANALYZER_NONNULL = YES;
				CLANG_ANALYZER_NUMBER_OBJECT_CONVERSION = YES_AGGRESSIVE;
				CLANG_CXX_LANGUAGE_STANDARD = "gnu++17";
				CLANG_CXX_LIBRARY = "libc++";
				CLANG_ENABLE_MODULES = YES;
				CLANG_ENABLE_OBJC_ARC = YES;
				CLANG_ENABLE_OBJC_WEAK = YES;
				CLANG_WARN_BLOCK_CAPTURE_AUTORELEASING = YES;
				CLANG_WARN_BOOL_CONVERSION = YES;
				CLANG_WARN_COMMA = YES;
				CLANG_WARN_CONSTANT_CONVERSION = YES;
				CLANG_WARN_DEPRECATED_OBJC_IMPLEMENTATIONS = YES;
				CLANG_WARN_DIRECT_OBJC_ISA_USAGE = YES_ERROR;
				CLANG_WARN_DOCUMENTATION_COMMENTS = YES;
				CLANG_WARN_EMPTY_BODY = YES;
				CLANG_WARN_ENUM_CONVERSION = YES;
				CLANG_WARN_INFINITE_RECURSION = YES;
				CLANG_WARN_INT_CONVERSION = YES;
				CLANG_WARN_NON_LITERAL_NULL_CONVERSION = YES;
				CLANG_WARN_OBJC_IMPLICIT_RETAIN_SELF = YES;
				CLANG_WARN_OBJC_LITERAL_CONVERSION = YES;
				CLANG_WARN_OBJC_ROOT_CLASS = YES_ERROR;
				CLANG_WARN_QUOTED_INCLUDE_IN_FRAMEWORK_HEADER = YES;
				CLANG_WARN_RANGE_LOOP_ANALYSIS = YES;
				CLANG_WARN_STRICT_PROTOTYPES = YES;
				CLANG_WARN_SUSPICIOUS_MOVE = YES;
				CLANG_WARN_UNGUARDED_AVAILABILITY = YES_AGGRESSIVE;
				CLANG_WARN_UNREACHABLE_CODE = YES;
				CLANG_WARN__DUPLICATE_METHOD_MATCH = YES;
				COPY_PHASE_STRIP = NO;
				DEBUG_INFORMATION_FORMAT = dwarf;
				ENABLE_STRICT_OBJC_MSGSEND = YES;
				ENABLE_TESTABILITY = YES;
				GCC_C_LANGUAGE_STANDARD = gnu11;
				GCC_DYNAMIC_NO_PIC = NO;
				GCC_NO_COMMON_BLOCKS = YES;
				GCC_OPTIMIZATION_LEVEL = 0;
				GCC_PREPROCESSOR_DEFINITIONS = (
					"DEBUG=1",
					"$(inherited)",
				);
				GCC_WARN_64_TO_32_BIT_CONVERSION = YES;
				GCC_WARN_ABOUT_RETURN_TYPE = YES_ERROR;
				GCC_WARN_UNDECLARED_SELECTOR = YES;
				GCC_WARN_UNINITIALIZED_AUTOS = YES_AGGRESSIVE;
				GCC_WARN_UNUSED_FUNCTION = YES;
				GCC_WARN_UNUSED_VARIABLE = YES;
				IPHONEOS_DEPLOYMENT_TARGET = 15.0;
				MTL_ENABLE_DEBUG_INFO = INCLUDE_SOURCE;
				MTL_FAST_MATH = YES;
				ONLY_ACTIVE_ARCH = YES;
				SDKROOT = iphoneos;
				SWIFT_ACTIVE_COMPILATION_CONDITIONS = DEBUG;
				SWIFT_OPTIMIZATION_LEVEL = "-Onone";
			};
			name = Debug;
		};
		87F330F327462EB000B12B93 /* Release */ = {
			isa = XCBuildConfiguration;
			buildSettings = {
				ALWAYS_SEARCH_USER_PATHS = NO;
				CLANG_ANALYZER_NONNULL = YES;
				CLANG_ANALYZER_NUMBER_OBJECT_CONVERSION = YES_AGGRESSIVE;
				CLANG_CXX_LANGUAGE_STANDARD = "gnu++17";
				CLANG_CXX_LIBRARY = "libc++";
				CLANG_ENABLE_MODULES = YES;
				CLANG_ENABLE_OBJC_ARC = YES;
				CLANG_ENABLE_OBJC_WEAK = YES;
				CLANG_WARN_BLOCK_CAPTURE_AUTORELEASING = YES;
				CLANG_WARN_BOOL_CONVERSION = YES;
				CLANG_WARN_COMMA = YES;
				CLANG_WARN_CONSTANT_CONVERSION = YES;
				CLANG_WARN_DEPRECATED_OBJC_IMPLEMENTATIONS = YES;
				CLANG_WARN_DIRECT_OBJC_ISA_USAGE = YES_ERROR;
				CLANG_WARN_DOCUMENTATION_COMMENTS = YES;
				CLANG_WARN_EMPTY_BODY = YES;
				CLANG_WARN_ENUM_CONVERSION = YES;
				CLANG_WARN_INFINITE_RECURSION = YES;
				CLANG_WARN_INT_CONVERSION = YES;
				CLANG_WARN_NON_LITERAL_NULL_CONVERSION = YES;
				CLANG_WARN_OBJC_IMPLICIT_RETAIN_SELF = YES;
				CLANG_WARN_OBJC_LITERAL_CONVERSION = YES;
				CLANG_WARN_OBJC_ROOT_CLASS = YES_ERROR;
				CLANG_WARN_QUOTED_INCLUDE_IN_FRAMEWORK_HEADER = YES;
				CLANG_WARN_RANGE_LOOP_ANALYSIS = YES;
				CLANG_WARN_STRICT_PROTOTYPES = YES;
				CLANG_WARN_SUSPICIOUS_MOVE = YES;
				CLANG_WARN_UNGUARDED_AVAILABILITY = YES_AGGRESSIVE;
				CLANG_WARN_UNREACHABLE_CODE = YES;
				CLANG_WARN__DUPLICATE_METHOD_MATCH = YES;
				COPY_PHASE_STRIP = NO;
				DEBUG_INFORMATION_FORMAT = "dwarf-with-dsym";
				ENABLE_NS_ASSERTIONS = NO;
				ENABLE_STRICT_OBJC_MSGSEND = YES;
				GCC_C_LANGUAGE_STANDARD = gnu11;
				GCC_NO_COMMON_BLOCKS = YES;
				GCC_WARN_64_TO_32_BIT_CONVERSION = YES;
				GCC_WARN_ABOUT_RETURN_TYPE = YES_ERROR;
				GCC_WARN_UNDECLARED_SELECTOR = YES;
				GCC_WARN_UNINITIALIZED_AUTOS = YES_AGGRESSIVE;
				GCC_WARN_UNUSED_FUNCTION = YES;
				GCC_WARN_UNUSED_VARIABLE = YES;
				IPHONEOS_DEPLOYMENT_TARGET = 15.0;
				MTL_ENABLE_DEBUG_INFO = NO;
				MTL_FAST_MATH = YES;
				SDKROOT = iphoneos;
				SWIFT_COMPILATION_MODE = wholemodule;
				SWIFT_OPTIMIZATION_LEVEL = "-O";
				VALIDATE_PRODUCT = YES;
			};
			name = Release;
		};
		87F330F527462EB000B12B93 /* Debug */ = {
			isa = XCBuildConfiguration;
			buildSettings = {
				ASSETCATALOG_COMPILER_APPICON_NAME = AppIcon;
				ASSETCATALOG_COMPILER_GLOBAL_ACCENT_COLOR_NAME = AccentColor;
				CODE_SIGN_STYLE = Automatic;
				CURRENT_PROJECT_VERSION = 1;
				DEVELOPMENT_ASSET_PATHS = "\"exproject/Preview Content\"";
				DEVELOPMENT_TEAM = 4SHN779H47;
				ENABLE_PREVIEWS = YES;
				GENERATE_INFOPLIST_FILE = YES;
				INFOPLIST_KEY_UIApplicationSceneManifest_Generation = YES;
				INFOPLIST_KEY_UIApplicationSupportsIndirectInputEvents = YES;
				INFOPLIST_KEY_UILaunchScreen_Generation = YES;
				INFOPLIST_KEY_UISupportedInterfaceOrientations_iPad = "UIInterfaceOrientationPortrait UIInterfaceOrientationPortraitUpsideDown UIInterfaceOrientationLandscapeLeft UIInterfaceOrientationLandscapeRight";
				INFOPLIST_KEY_UISupportedInterfaceOrientations_iPhone = "UIInterfaceOrientationPortrait UIInterfaceOrientationLandscapeLeft UIInterfaceOrientationLandscapeRight";
				LD_RUNPATH_SEARCH_PATHS = (
					"$(inherited)",
					"@executable_path/Frameworks",
				);
				MARKETING_VERSION = 1.0;
				PRODUCT_BUNDLE_IDENTIFIER = id.everspin.exproject;
				PRODUCT_NAME = "$(TARGET_NAME)";
				SWIFT_EMIT_LOC_STRINGS = YES;
				SWIFT_VERSION = 5.0;
				TARGETED_DEVICE_FAMILY = "1,2";
			};
			name = Debug;
		};
		87F330F627462EB000B12B93 /* Release */ = {
			isa = XCBuildConfiguration;
			buildSettings = {
				ASSETCATALOG_COMPILER_APPICON_NAME = AppIcon;
				ASSETCATALOG_COMPILER_GLOBAL_ACCENT_COLOR_NAME = AccentColor;
				CODE_SIGN_STYLE = Automatic;
				CURRENT_PROJECT_VERSION = 1;
				DEVELOPMENT_ASSET_PATHS = "\"exproject/Preview Content\"";
				DEVELOPMENT_TEAM = 4SHN779H47;
				ENABLE_PREVIEWS = YES;
				GENERATE_INFOPLIST_FILE = YES;
				INFOPLIST_KEY_UIApplicationSceneManifest_Generation = YES;
				INFOPLIST_KEY_UIApplicationSupportsIndirectInputEvents = YES;
				INFOPLIST_KEY_UILaunchScreen_Generation = YES;
				INFOPLIST_KEY_UISupportedInterfaceOrientations_iPad = "UIInterfaceOrientationPortrait UIInterfaceOrientationPortraitUpsideDown UIInterfaceOrientationLandscapeLeft UIInterfaceOrientationLandscapeRight";
				INFOPLIST_KEY_UISupportedInterfaceOrientations_iPhone = "UIInterfaceOrientationPortrait UIInterfaceOrientationLandscapeLeft UIInterfaceOrientationLandscapeRight";
				LD_RUNPATH_SEARCH_PATHS = (
					"$(inherited)",
					"@executable_path/Frameworks",
				);
				MARKETING_VERSION = 1.0;
				PRODUCT_BUNDLE_IDENTIFIER = id.everspin.exproject;
				PRODUCT_NAME = "$(TARGET_NAME)";
				SWIFT_EMIT_LOC_STRINGS = YES;
				SWIFT_VERSION = 5.0;
				TARGETED_DEVICE_FAMILY = "1,2";
			};
			name = Release;
		};
		87F330F827462EB000B12B93 /* Debug */ = {
			isa = XCBuildConfiguration;
			buildSettings = {
				ALWAYS_EMBED_SWIFT_STANDARD_LIBRARIES = YES;
				BUNDLE_LOADER = "$(TEST_HOST)";
				CODE_SIGN_STYLE = Automatic;
				CURRENT_PROJECT_VERSION = 1;
				DEVELOPMENT_TEAM = SJPY64N694;
				GENERATE_INFOPLIST_FILE = YES;
				IPHONEOS_DEPLOYMENT_TARGET = 15.0;
				LD_RUNPATH_SEARCH_PATHS = (
					"$(inherited)",
					"@executable_path/Frameworks",
					"@loader_path/Frameworks",
				);
				MARKETING_VERSION = 1.0;
				PRODUCT_BUNDLE_IDENTIFIER = id.everspin.exprojectTests;
				PRODUCT_NAME = "$(TARGET_NAME)";
				SWIFT_EMIT_LOC_STRINGS = NO;
				SWIFT_VERSION = 5.0;
				TARGETED_DEVICE_FAMILY = "1,2";
				TEST_HOST = "$(BUILT_PRODUCTS_DIR)/exproject.app/exproject";
			};
			name = Debug;
		};
		87F330F927462EB000B12B93 /* Release */ = {
			isa = XCBuildConfiguration;
			buildSettings = {
				ALWAYS_EMBED_SWIFT_STANDARD_LIBRARIES = YES;
				BUNDLE_LOADER = "$(TEST_HOST)";
				CODE_SIGN_STYLE = Automatic;
				CURRENT_PROJECT_VERSION = 1;
				DEVELOPMENT_TEAM = SJPY64N694;
				GENERATE_INFOPLIST_FILE = YES;
				IPHONEOS_DEPLOYMENT_TARGET = 15.0;
				LD_RUNPATH_SEARCH_PATHS = (
					"$(inherited)",
					"@executable_path/Frameworks",
					"@loader_path/Frameworks",
				);
				MARKETING_VERSION = 1.0;
				PRODUCT_BUNDLE_IDENTIFIER = id.everspin.exprojectTests;
				PRODUCT_NAME = "$(TARGET_NAME)";
				SWIFT_EMIT_LOC_STRINGS = NO;
				SWIFT_VERSION = 5.0;
				TARGETED_DEVICE_FAMILY = "1,2";
				TEST_HOST = "$(BUILT_PRODUCTS_DIR)/exproject.app/exproject";
			};
			name = Release;
		};
		87F330FB27462EB000B12B93 /* Debug */ = {
			isa = XCBuildConfiguration;
			buildSettings = {
				ALWAYS_EMBED_SWIFT_STANDARD_LIBRARIES = YES;
				CODE_SIGN_STYLE = Automatic;
				CURRENT_PROJECT_VERSION = 1;
				DEVELOPMENT_TEAM = SJPY64N694;
				GENERATE_INFOPLIST_FILE = YES;
				LD_RUNPATH_SEARCH_PATHS = (
					"$(inherited)",
					"@executable_path/Frameworks",
					"@loader_path/Frameworks",
				);
				MARKETING_VERSION = 1.0;
				PRODUCT_BUNDLE_IDENTIFIER = id.everspin.exprojectUITests;
				PRODUCT_NAME = "$(TARGET_NAME)";
				SWIFT_EMIT_LOC_STRINGS = NO;
				SWIFT_VERSION = 5.0;
				TARGETED_DEVICE_FAMILY = "1,2";
				TEST_TARGET_NAME = exproject;
			};
			name = Debug;
		};
		87F330FC27462EB000B12B93 /* Release */ = {
			isa = XCBuildConfiguration;
			buildSettings = {
				ALWAYS_EMBED_SWIFT_STANDARD_LIBRARIES = YES;
				CODE_SIGN_STYLE = Automatic;
				CURRENT_PROJECT_VERSION = 1;
				DEVELOPMENT_TEAM = SJPY64N694;
				GENERATE_INFOPLIST_FILE = YES;
				LD_RUNPATH_SEARCH_PATHS = (
					"$(inherited)",
					"@executable_path/Frameworks",
					"@loader_path/Frameworks",
				);
				MARKETING_VERSION = 1.0;
				PRODUCT_BUNDLE_IDENTIFIER = id.everspin.exprojectUITests;
				PRODUCT_NAME = "$(TARGET_NAME)";
				SWIFT_EMIT_LOC_STRINGS = NO;
				SWIFT_VERSION = 5.0;
				TARGETED_DEVICE_FAMILY = "1,2";
				TEST_TARGET_NAME = exproject;
			};
			name = Release;
		};
/* End XCBuildConfiguration section */

/* Begin XCConfigurationList section */
		87F330CB27462EAF00B12B93 /* Build configuration list for PBXProject "exproject" */ = {
			isa = XCConfigurationList;
			buildConfigurations = (
				87F330F227462EB000B12B93 /* Debug */,
				87F330F327462EB000B12B93 /* Release */,
			);
			defaultConfigurationIsVisible = 0;
			defaultConfigurationName = Release;
		};
		87F330F427462EB000B12B93 /* Build configuration list for PBXNativeTarget "exproject" */ = {
			isa = XCConfigurationList;
			buildConfigurations = (
				87F330F527462EB000B12B93 /* Debug */,
				87F330F627462EB000B12B93 /* Release */,
			);
			defaultConfigurationIsVisible = 0;
			defaultConfigurationName = Release;
		};
		87F330F727462EB000B12B93 /* Build configuration list for PBXNativeTarget "exprojectTests" */ = {
			isa = XCConfigurationList;
			buildConfigurations = (
				87F330F827462EB000B12B93 /* Debug */,
				87F330F927462EB000B12B93 /* Release */,
			);
			defaultConfigurationIsVisible = 0;
			defaultConfigurationName = Release;
		};
		87F330FA27462EB000B12B93 /* Build configuration list for PBXNativeTarget "exprojectUITests" */ = {
			isa = XCConfigurationList;
			buildConfigurations = (
				87F330FB27462EB000B12B93 /* Debug */,
				87F330FC27462EB000B12B93 /* Release */,
			);
			defaultConfigurationIsVisible = 0;
			defaultConfigurationName = Release;
		};
/* End XCConfigurationList section */
	};
	rootObject = 87F330C827462EAF00B12B93 /* Project object */;
}
